// !$*UTF8*$!
{
	archiveVersion = 1;
	classes = {
	};
	objectVersion = 56;
	objects = {

/* Begin PBXBuildFile section */
		17C43B522ACFBDD20087A934 /* APIDataApp.swift in Sources */ = {isa = PBXBuildFile; fileRef = 17C43B512ACFBDD20087A934 /* APIDataApp.swift */; };
		17C43B542ACFBDD20087A934 /* ContentView.swift in Sources */ = {isa = PBXBuildFile; fileRef = 17C43B532ACFBDD20087A934 /* ContentView.swift */; };
		17C43B562ACFBDD40087A934 /* Assets.xcassets in Resources */ = {isa = PBXBuildFile; fileRef = 17C43B552ACFBDD40087A934 /* Assets.xcassets */; };
		17C43B5A2ACFBDD40087A934 /* Preview Assets.xcassets in Resources */ = {isa = PBXBuildFile; fileRef = 17C43B592ACFBDD40087A934 /* Preview Assets.xcassets */; };
		17C43B642ACFBDD40087A934 /* APIDataTests.swift in Sources */ = {isa = PBXBuildFile; fileRef = 17C43B632ACFBDD40087A934 /* APIDataTests.swift */; };
		17C43B6E2ACFBDD40087A934 /* APIDataUITests.swift in Sources */ = {isa = PBXBuildFile; fileRef = 17C43B6D2ACFBDD40087A934 /* APIDataUITests.swift */; };
		17C43B702ACFBDD40087A934 /* APIDataUITestsLaunchTests.swift in Sources */ = {isa = PBXBuildFile; fileRef = 17C43B6F2ACFBDD40087A934 /* APIDataUITestsLaunchTests.swift */; };
/* End PBXBuildFile section */

/* Begin PBXContainerItemProxy section */
		17C43B602ACFBDD40087A934 /* PBXContainerItemProxy */ = {
			isa = PBXContainerItemProxy;
			containerPortal = 17C43B462ACFBDD20087A934 /* Project object */;
			proxyType = 1;
			remoteGlobalIDString = 17C43B4D2ACFBDD20087A934;
			remoteInfo = APIData;
		};
		17C43B6A2ACFBDD40087A934 /* PBXContainerItemProxy */ = {
			isa = PBXContainerItemProxy;
			containerPortal = 17C43B462ACFBDD20087A934 /* Project object */;
			proxyType = 1;
			remoteGlobalIDString = 17C43B4D2ACFBDD20087A934;
			remoteInfo = APIData;
		};
/* End PBXContainerItemProxy section */

/* Begin PBXFileReference section */
		17C43B4E2ACFBDD20087A934 /* APIData.app */ = {isa = PBXFileReference; explicitFileType = wrapper.application; includeInIndex = 0; path = APIData.app; sourceTree = BUILT_PRODUCTS_DIR; };
		17C43B512ACFBDD20087A934 /* APIDataApp.swift */ = {isa = PBXFileReference; lastKnownFileType = sourcecode.swift; path = APIDataApp.swift; sourceTree = "<group>"; };
		17C43B532ACFBDD20087A934 /* ContentView.swift */ = {isa = PBXFileReference; lastKnownFileType = sourcecode.swift; path = ContentView.swift; sourceTree = "<group>"; };
		17C43B552ACFBDD40087A934 /* Assets.xcassets */ = {isa = PBXFileReference; lastKnownFileType = folder.assetcatalog; path = Assets.xcassets; sourceTree = "<group>"; };
		17C43B572ACFBDD40087A934 /* APIData.entitlements */ = {isa = PBXFileReference; lastKnownFileType = text.plist.entitlements; path = APIData.entitlements; sourceTree = "<group>"; };
		17C43B592ACFBDD40087A934 /* Preview Assets.xcassets */ = {isa = PBXFileReference; lastKnownFileType = folder.assetcatalog; path = "Preview Assets.xcassets"; sourceTree = "<group>"; };
		17C43B5F2ACFBDD40087A934 /* APIDataTests.xctest */ = {isa = PBXFileReference; explicitFileType = wrapper.cfbundle; includeInIndex = 0; path = APIDataTests.xctest; sourceTree = BUILT_PRODUCTS_DIR; };
		17C43B632ACFBDD40087A934 /* APIDataTests.swift */ = {isa = PBXFileReference; lastKnownFileType = sourcecode.swift; path = APIDataTests.swift; sourceTree = "<group>"; };
		17C43B692ACFBDD40087A934 /* APIDataUITests.xctest */ = {isa = PBXFileReference; explicitFileType = wrapper.cfbundle; includeInIndex = 0; path = APIDataUITests.xctest; sourceTree = BUILT_PRODUCTS_DIR; };
		17C43B6D2ACFBDD40087A934 /* APIDataUITests.swift */ = {isa = PBXFileReference; lastKnownFileType = sourcecode.swift; path = APIDataUITests.swift; sourceTree = "<group>"; };
		17C43B6F2ACFBDD40087A934 /* APIDataUITestsLaunchTests.swift */ = {isa = PBXFileReference; lastKnownFileType = sourcecode.swift; path = APIDataUITestsLaunchTests.swift; sourceTree = "<group>"; };
/* End PBXFileReference section */

/* Begin PBXFrameworksBuildPhase section */
		17C43B4B2ACFBDD20087A934 /* Frameworks */ = {
			isa = PBXFrameworksBuildPhase;
			buildActionMask = 2147483647;
			files = (
			);
			runOnlyForDeploymentPostprocessing = 0;
		};
		17C43B5C2ACFBDD40087A934 /* Frameworks */ = {
			isa = PBXFrameworksBuildPhase;
			buildActionMask = 2147483647;
			files = (
			);
			runOnlyForDeploymentPostprocessing = 0;
		};
		17C43B662ACFBDD40087A934 /* Frameworks */ = {
			isa = PBXFrameworksBuildPhase;
			buildActionMask = 2147483647;
			files = (
			);
			runOnlyForDeploymentPostprocessing = 0;
		};
/* End PBXFrameworksBuildPhase section */

/* Begin PBXGroup section */
		17C43B452ACFBDD20087A934 = {
			isa = PBXGroup;
			children = (
				17C43B502ACFBDD20087A934 /* APIData */,
				17C43B622ACFBDD40087A934 /* APIDataTests */,
				17C43B6C2ACFBDD40087A934 /* APIDataUITests */,
				17C43B4F2ACFBDD20087A934 /* Products */,
			);
			sourceTree = "<group>";
		};
		17C43B4F2ACFBDD20087A934 /* Products */ = {
			isa = PBXGroup;
			children = (
				17C43B4E2ACFBDD20087A934 /* APIData.app */,
				17C43B5F2ACFBDD40087A934 /* APIDataTests.xctest */,
				17C43B692ACFBDD40087A934 /* APIDataUITests.xctest */,
			);
			name = Products;
			sourceTree = "<group>";
		};
		17C43B502ACFBDD20087A934 /* APIData */ = {
			isa = PBXGroup;
			children = (
				17C43B512ACFBDD20087A934 /* APIDataApp.swift */,
				17C43B532ACFBDD20087A934 /* ContentView.swift */,
				17C43B552ACFBDD40087A934 /* Assets.xcassets */,
				17C43B572ACFBDD40087A934 /* APIData.entitlements */,
				17C43B582ACFBDD40087A934 /* Preview Content */,
			);
			path = APIData;
			sourceTree = "<group>";
		};
		17C43B582ACFBDD40087A934 /* Preview Content */ = {
			isa = PBXGroup;
			children = (
				17C43B592ACFBDD40087A934 /* Preview Assets.xcassets */,
			);
			path = "Preview Content";
			sourceTree = "<group>";
		};
		17C43B622ACFBDD40087A934 /* APIDataTests */ = {
			isa = PBXGroup;
			children = (
				17C43B632ACFBDD40087A934 /* APIDataTests.swift */,
			);
			path = APIDataTests;
			sourceTree = "<group>";
		};
		17C43B6C2ACFBDD40087A934 /* APIDataUITests */ = {
			isa = PBXGroup;
			children = (
				17C43B6D2ACFBDD40087A934 /* APIDataUITests.swift */,
				17C43B6F2ACFBDD40087A934 /* APIDataUITestsLaunchTests.swift */,
			);
			path = APIDataUITests;
			sourceTree = "<group>";
		};
/* End PBXGroup section */

/* Begin PBXNativeTarget section */
		17C43B4D2ACFBDD20087A934 /* APIData */ = {
			isa = PBXNativeTarget;
			buildConfigurationList = 17C43B732ACFBDD40087A934 /* Build configuration list for PBXNativeTarget "APIData" */;
			buildPhases = (
				17C43B4A2ACFBDD20087A934 /* Sources */,
				17C43B4B2ACFBDD20087A934 /* Frameworks */,
				17C43B4C2ACFBDD20087A934 /* Resources */,
			);
			buildRules = (
			);
			dependencies = (
			);
			name = APIData;
			productName = APIData;
			productReference = 17C43B4E2ACFBDD20087A934 /* APIData.app */;
			productType = "com.apple.product-type.application";
		};
		17C43B5E2ACFBDD40087A934 /* APIDataTests */ = {
			isa = PBXNativeTarget;
			buildConfigurationList = 17C43B762ACFBDD40087A934 /* Build configuration list for PBXNativeTarget "APIDataTests" */;
			buildPhases = (
				17C43B5B2ACFBDD40087A934 /* Sources */,
				17C43B5C2ACFBDD40087A934 /* Frameworks */,
				17C43B5D2ACFBDD40087A934 /* Resources */,
			);
			buildRules = (
			);
			dependencies = (
				17C43B612ACFBDD40087A934 /* PBXTargetDependency */,
			);
			name = APIDataTests;
			productName = APIDataTests;
			productReference = 17C43B5F2ACFBDD40087A934 /* APIDataTests.xctest */;
			productType = "com.apple.product-type.bundle.unit-test";
		};
		17C43B682ACFBDD40087A934 /* APIDataUITests */ = {
			isa = PBXNativeTarget;
			buildConfigurationList = 17C43B792ACFBDD40087A934 /* Build configuration list for PBXNativeTarget "APIDataUITests" */;
			buildPhases = (
				17C43B652ACFBDD40087A934 /* Sources */,
				17C43B662ACFBDD40087A934 /* Frameworks */,
				17C43B672ACFBDD40087A934 /* Resources */,
			);
			buildRules = (
			);
			dependencies = (
				17C43B6B2ACFBDD40087A934 /* PBXTargetDependency */,
			);
			name = APIDataUITests;
			productName = APIDataUITests;
			productReference = 17C43B692ACFBDD40087A934 /* APIDataUITests.xctest */;
			productType = "com.apple.product-type.bundle.ui-testing";
		};
/* End PBXNativeTarget section */

/* Begin PBXProject section */
		17C43B462ACFBDD20087A934 /* Project object */ = {
			isa = PBXProject;
			attributes = {
				BuildIndependentTargetsInParallel = 1;
				LastSwiftUpdateCheck = 1430;
				LastUpgradeCheck = 1430;
				TargetAttributes = {
					17C43B4D2ACFBDD20087A934 = {
						CreatedOnToolsVersion = 14.3.1;
					};
					17C43B5E2ACFBDD40087A934 = {
						CreatedOnToolsVersion = 14.3.1;
						TestTargetID = 17C43B4D2ACFBDD20087A934;
					};
					17C43B682ACFBDD40087A934 = {
						CreatedOnToolsVersion = 14.3.1;
						TestTargetID = 17C43B4D2ACFBDD20087A934;
					};
				};
			};
			buildConfigurationList = 17C43B492ACFBDD20087A934 /* Build configuration list for PBXProject "APIData" */;
			compatibilityVersion = "Xcode 14.0";
			developmentRegion = en;
			hasScannedForEncodings = 0;
			knownRegions = (
				en,
				Base,
			);
			mainGroup = 17C43B452ACFBDD20087A934;
			productRefGroup = 17C43B4F2ACFBDD20087A934 /* Products */;
			projectDirPath = "";
			projectRoot = "";
			targets = (
				17C43B4D2ACFBDD20087A934 /* APIData */,
				17C43B5E2ACFBDD40087A934 /* APIDataTests */,
				17C43B682ACFBDD40087A934 /* APIDataUITests */,
			);
		};
/* End PBXProject section */

/* Begin PBXResourcesBuildPhase section */
		17C43B4C2ACFBDD20087A934 /* Resources */ = {
			isa = PBXResourcesBuildPhase;
			buildActionMask = 2147483647;
			files = (
				17C43B5A2ACFBDD40087A934 /* Preview Assets.xcassets in Resources */,
				17C43B562ACFBDD40087A934 /* Assets.xcassets in Resources */,
			);
			runOnlyForDeploymentPostprocessing = 0;
		};
		17C43B5D2ACFBDD40087A934 /* Resources */ = {
			isa = PBXResourcesBuildPhase;
			buildActionMask = 2147483647;
			files = (
			);
			runOnlyForDeploymentPostprocessing = 0;
		};
		17C43B672ACFBDD40087A934 /* Resources */ = {
			isa = PBXResourcesBuildPhase;
			buildActionMask = 2147483647;
			files = (
			);
			runOnlyForDeploymentPostprocessing = 0;
		};
/* End PBXResourcesBuildPhase section */

/* Begin PBXSourcesBuildPhase section */
		17C43B4A2ACFBDD20087A934 /* Sources */ = {
			isa = PBXSourcesBuildPhase;
			buildActionMask = 2147483647;
			files = (
				17C43B542ACFBDD20087A934 /* ContentView.swift in Sources */,
				17C43B522ACFBDD20087A934 /* APIDataApp.swift in Sources */,
			);
			runOnlyForDeploymentPostprocessing = 0;
		};
		17C43B5B2ACFBDD40087A934 /* Sources */ = {
			isa = PBXSourcesBuildPhase;
			buildActionMask = 2147483647;
			files = (
				17C43B642ACFBDD40087A934 /* APIDataTests.swift in Sources */,
			);
			runOnlyForDeploymentPostprocessing = 0;
		};
		17C43B652ACFBDD40087A934 /* Sources */ = {
			isa = PBXSourcesBuildPhase;
			buildActionMask = 2147483647;
			files = (
				17C43B6E2ACFBDD40087A934 /* APIDataUITests.swift in Sources */,
				17C43B702ACFBDD40087A934 /* APIDataUITestsLaunchTests.swift in Sources */,
			);
			runOnlyForDeploymentPostprocessing = 0;
		};
/* End PBXSourcesBuildPhase section */

/* Begin PBXTargetDependency section */
		17C43B612ACFBDD40087A934 /* PBXTargetDependency */ = {
			isa = PBXTargetDependency;
			target = 17C43B4D2ACFBDD20087A934 /* APIData */;
			targetProxy = 17C43B602ACFBDD40087A934 /* PBXContainerItemProxy */;
		};
		17C43B6B2ACFBDD40087A934 /* PBXTargetDependency */ = {
			isa = PBXTargetDependency;
			target = 17C43B4D2ACFBDD20087A934 /* APIData */;
			targetProxy = 17C43B6A2ACFBDD40087A934 /* PBXContainerItemProxy */;
		};
/* End PBXTargetDependency section */

/* Begin XCBuildConfiguration section */
		17C43B712ACFBDD40087A934 /* Debug */ = {
			isa = XCBuildConfiguration;
			buildSettings = {
				ALWAYS_SEARCH_USER_PATHS = NO;
				CLANG_ANALYZER_NONNULL = YES;
				CLANG_ANALYZER_NUMBER_OBJECT_CONVERSION = YES_AGGRESSIVE;
				CLANG_CXX_LANGUAGE_STANDARD = "gnu++20";
				CLANG_ENABLE_MODULES = YES;
				CLANG_ENABLE_OBJC_ARC = YES;
				CLANG_ENABLE_OBJC_WEAK = YES;
				CLANG_WARN_BLOCK_CAPTURE_AUTORELEASING = YES;
				CLANG_WARN_BOOL_CONVERSION = YES;
				CLANG_WARN_COMMA = YES;
				CLANG_WARN_CONSTANT_CONVERSION = YES;
				CLANG_WARN_DEPRECATED_OBJC_IMPLEMENTATIONS = YES;
				CLANG_WARN_DIRECT_OBJC_ISA_USAGE = YES_ERROR;
				CLANG_WARN_DOCUMENTATION_COMMENTS = YES;
				CLANG_WARN_EMPTY_BODY = YES;
				CLANG_WARN_ENUM_CONVERSION = YES;
				CLANG_WARN_INFINITE_RECURSION = YES;
				CLANG_WARN_INT_CONVERSION = YES;
				CLANG_WARN_NON_LITERAL_NULL_CONVERSION = YES;
				CLANG_WARN_OBJC_IMPLICIT_RETAIN_SELF = YES;
				CLANG_WARN_OBJC_LITERAL_CONVERSION = YES;
				CLANG_WARN_OBJC_ROOT_CLASS = YES_ERROR;
				CLANG_WARN_QUOTED_INCLUDE_IN_FRAMEWORK_HEADER = YES;
				CLANG_WARN_RANGE_LOOP_ANALYSIS = YES;
				CLANG_WARN_STRICT_PROTOTYPES = YES;
				CLANG_WARN_SUSPICIOUS_MOVE = YES;
				CLANG_WARN_UNGUARDED_AVAILABILITY = YES_AGGRESSIVE;
				CLANG_WARN_UNREACHABLE_CODE = YES;
				CLANG_WARN__DUPLICATE_METHOD_MATCH = YES;
				COPY_PHASE_STRIP = NO;
				DEBUG_INFORMATION_FORMAT = dwarf;
				ENABLE_STRICT_OBJC_MSGSEND = YES;
				ENABLE_TESTABILITY = YES;
				GCC_C_LANGUAGE_STANDARD = gnu11;
				GCC_DYNAMIC_NO_PIC = NO;
				GCC_NO_COMMON_BLOCKS = YES;
				GCC_OPTIMIZATION_LEVEL = 0;
				GCC_PREPROCESSOR_DEFINITIONS = (
					"DEBUG=1",
					"$(inherited)",
				);
				GCC_WARN_64_TO_32_BIT_CONVERSION = YES;
				GCC_WARN_ABOUT_RETURN_TYPE = YES_ERROR;
				GCC_WARN_UNDECLARED_SELECTOR = YES;
				GCC_WARN_UNINITIALIZED_AUTOS = YES_AGGRESSIVE;
				GCC_WARN_UNUSED_FUNCTION = YES;
				GCC_WARN_UNUSED_VARIABLE = YES;
				MTL_ENABLE_DEBUG_INFO = INCLUDE_SOURCE;
				MTL_FAST_MATH = YES;
				ONLY_ACTIVE_ARCH = YES;
				SWIFT_ACTIVE_COMPILATION_CONDITIONS = DEBUG;
				SWIFT_OPTIMIZATION_LEVEL = "-Onone";
			};
			name = Debug;
		};
		17C43B722ACFBDD40087A934 /* Release */ = {
			isa = XCBuildConfiguration;
			buildSettings = {
				ALWAYS_SEARCH_USER_PATHS = NO;
				CLANG_ANALYZER_NONNULL = YES;
				CLANG_ANALYZER_NUMBER_OBJECT_CONVERSION = YES_AGGRESSIVE;
				CLANG_CXX_LANGUAGE_STANDARD = "gnu++20";
				CLANG_ENABLE_MODULES = YES;
				CLANG_ENABLE_OBJC_ARC = YES;
				CLANG_ENABLE_OBJC_WEAK = YES;
				CLANG_WARN_BLOCK_CAPTURE_AUTORELEASING = YES;
				CLANG_WARN_BOOL_CONVERSION = YES;
				CLANG_WARN_COMMA = YES;
				CLANG_WARN_CONSTANT_CONVERSION = YES;
				CLANG_WARN_DEPRECATED_OBJC_IMPLEMENTATIONS = YES;
				CLANG_WARN_DIRECT_OBJC_ISA_USAGE = YES_ERROR;
				CLANG_WARN_DOCUMENTATION_COMMENTS = YES;
				CLANG_WARN_EMPTY_BODY = YES;
				CLANG_WARN_ENUM_CONVERSION = YES;
				CLANG_WARN_INFINITE_RECURSION = YES;
				CLANG_WARN_INT_CONVERSION = YES;
				CLANG_WARN_NON_LITERAL_NULL_CONVERSION = YES;
				CLANG_WARN_OBJC_IMPLICIT_RETAIN_SELF = YES;
				CLANG_WARN_OBJC_LITERAL_CONVERSION = YES;
				CLANG_WARN_OBJC_ROOT_CLASS = YES_ERROR;
				CLANG_WARN_QUOTED_INCLUDE_IN_FRAMEWORK_HEADER = YES;
				CLANG_WARN_RANGE_LOOP_ANALYSIS = YES;
				CLANG_WARN_STRICT_PROTOTYPES = YES;
				CLANG_WARN_SUSPICIOUS_MOVE = YES;
				CLANG_WARN_UNGUARDED_AVAILABILITY = YES_AGGRESSIVE;
				CLANG_WARN_UNREACHABLE_CODE = YES;
				CLANG_WARN__DUPLICATE_METHOD_MATCH = YES;
				COPY_PHASE_STRIP = NO;
				DEBUG_INFORMATION_FORMAT = "dwarf-with-dsym";
				ENABLE_NS_ASSERTIONS = NO;
				ENABLE_STRICT_OBJC_MSGSEND = YES;
				GCC_C_LANGUAGE_STANDARD = gnu11;
				GCC_NO_COMMON_BLOCKS = YES;
				GCC_WARN_64_TO_32_BIT_CONVERSION = YES;
				GCC_WARN_ABOUT_RETURN_TYPE = YES_ERROR;
				GCC_WARN_UNDECLARED_SELECTOR = YES;
				GCC_WARN_UNINITIALIZED_AUTOS = YES_AGGRESSIVE;
				GCC_WARN_UNUSED_FUNCTION = YES;
				GCC_WARN_UNUSED_VARIABLE = YES;
				MTL_ENABLE_DEBUG_INFO = NO;
				MTL_FAST_MATH = YES;
				SWIFT_COMPILATION_MODE = wholemodule;
				SWIFT_OPTIMIZATION_LEVEL = "-O";
			};
			name = Release;
		};
		17C43B742ACFBDD40087A934 /* Debug */ = {
			isa = XCBuildConfiguration;
			buildSettings = {
				ASSETCATALOG_COMPILER_APPICON_NAME = AppIcon;
				ASSETCATALOG_COMPILER_GLOBAL_ACCENT_COLOR_NAME = AccentColor;
				CODE_SIGN_ENTITLEMENTS = APIData/APIData.entitlements;
				CODE_SIGN_STYLE = Automatic;
				CURRENT_PROJECT_VERSION = 1;
				DEVELOPMENT_ASSET_PATHS = "\"APIData/Preview Content\"";
				DEVELOPMENT_TEAM = BZ86G6QKHT;
				ENABLE_HARDENED_RUNTIME = YES;
				ENABLE_PREVIEWS = YES;
				GENERATE_INFOPLIST_FILE = YES;
				"INFOPLIST_KEY_UIApplicationSceneManifest_Generation[sdk=iphoneos*]" = YES;
				"INFOPLIST_KEY_UIApplicationSceneManifest_Generation[sdk=iphonesimulator*]" = YES;
				"INFOPLIST_KEY_UIApplicationSupportsIndirectInputEvents[sdk=iphoneos*]" = YES;
				"INFOPLIST_KEY_UIApplicationSupportsIndirectInputEvents[sdk=iphonesimulator*]" = YES;
				"INFOPLIST_KEY_UILaunchScreen_Generation[sdk=iphoneos*]" = YES;
				"INFOPLIST_KEY_UILaunchScreen_Generation[sdk=iphonesimulator*]" = YES;
				"INFOPLIST_KEY_UIStatusBarStyle[sdk=iphoneos*]" = UIStatusBarStyleDefault;
				"INFOPLIST_KEY_UIStatusBarStyle[sdk=iphonesimulator*]" = UIStatusBarStyleDefault;
				INFOPLIST_KEY_UISupportedInterfaceOrientations_iPad = "UIInterfaceOrientationPortrait UIInterfaceOrientationPortraitUpsideDown UIInterfaceOrientationLandscapeLeft UIInterfaceOrientationLandscapeRight";
				INFOPLIST_KEY_UISupportedInterfaceOrientations_iPhone = "UIInterfaceOrientationPortrait UIInterfaceOrientationLandscapeLeft UIInterfaceOrientationLandscapeRight";
				IPHONEOS_DEPLOYMENT_TARGET = 16.4;
				LD_RUNPATH_SEARCH_PATHS = "@executable_path/Frameworks";
				"LD_RUNPATH_SEARCH_PATHS[sdk=macosx*]" = "@executable_path/../Frameworks";
				MACOSX_DEPLOYMENT_TARGET = 13.3;
				MARKETING_VERSION = 1.0;
				PRODUCT_BUNDLE_IDENTIFIER = MobileAppDev.APIData;
				PRODUCT_NAME = "$(TARGET_NAME)";
				SDKROOT = auto;
				SUPPORTED_PLATFORMS = "iphoneos iphonesimulator macosx";
				SWIFT_EMIT_LOC_STRINGS = YES;
				SWIFT_VERSION = 5.0;
				TARGETED_DEVICE_FAMILY = "1,2";
			};
			name = Debug;
		};
		17C43B752ACFBDD40087A934 /* Release */ = {
			isa = XCBuildConfiguration;
			buildSettings = {
				ASSETCATALOG_COMPILER_APPICON_NAME = AppIcon;
				ASSETCATALOG_COMPILER_GLOBAL_ACCENT_COLOR_NAME = AccentColor;
				CODE_SIGN_ENTITLEMENTS = APIData/APIData.entitlements;
				CODE_SIGN_STYLE = Automatic;
				CURRENT_PROJECT_VERSION = 1;
				DEVELOPMENT_ASSET_PATHS = "\"APIData/Preview Content\"";
				DEVELOPMENT_TEAM = BZ86G6QKHT;
				ENABLE_HARDENED_RUNTIME = YES;
				ENABLE_PREVIEWS = YES;
				GENERATE_INFOPLIST_FILE = YES;
				"INFOPLIST_KEY_UIApplicationSceneManifest_Generation[sdk=iphoneos*]" = YES;
				"INFOPLIST_KEY_UIApplicationSceneManifest_Generation[sdk=iphonesimulator*]" = YES;
				"INFOPLIST_KEY_UIApplicationSupportsIndirectInputEvents[sdk=iphoneos*]" = YES;
				"INFOPLIST_KEY_UIApplicationSupportsIndirectInputEvents[sdk=iphonesimulator*]" = YES;
				"INFOPLIST_KEY_UILaunchScreen_Generation[sdk=iphoneos*]" = YES;
				"INFOPLIST_KEY_UILaunchScreen_Generation[sdk=iphonesimulator*]" = YES;
				"INFOPLIST_KEY_UIStatusBarStyle[sdk=iphoneos*]" = UIStatusBarStyleDefault;
				"INFOPLIST_KEY_UIStatusBarStyle[sdk=iphonesimulator*]" = UIStatusBarStyleDefault;
				INFOPLIST_KEY_UISupportedInterfaceOrientations_iPad = "UIInterfaceOrientationPortrait UIInterfaceOrientationPortraitUpsideDown UIInterfaceOrientationLandscapeLeft UIInterfaceOrientationLandscapeRight";
				INFOPLIST_KEY_UISupportedInterfaceOrientations_iPhone = "UIInterfaceOrientationPortrait UIInterfaceOrientationLandscapeLeft UIInterfaceOrientationLandscapeRight";
				IPHONEOS_DEPLOYMENT_TARGET = 16.4;
				LD_RUNPATH_SEARCH_PATHS = "@executable_path/Frameworks";
				"LD_RUNPATH_SEARCH_PATHS[sdk=macosx*]" = "@executable_path/../Frameworks";
				MACOSX_DEPLOYMENT_TARGET = 13.3;
				MARKETING_VERSION = 1.0;
				PRODUCT_BUNDLE_IDENTIFIER = MobileAppDev.APIData;
				PRODUCT_NAME = "$(TARGET_NAME)";
				SDKROOT = auto;
				SUPPORTED_PLATFORMS = "iphoneos iphonesimulator macosx";
				SWIFT_EMIT_LOC_STRINGS = YES;
				SWIFT_VERSION = 5.0;
				TARGETED_DEVICE_FAMILY = "1,2";
			};
			name = Release;
		};
		17C43B772ACFBDD40087A934 /* Debug */ = {
			isa = XCBuildConfiguration;
			buildSettings = {
				ALWAYS_EMBED_SWIFT_STANDARD_LIBRARIES = YES;
				BUNDLE_LOADER = "$(TEST_HOST)";
				CODE_SIGN_STYLE = Automatic;
				CURRENT_PROJECT_VERSION = 1;
				DEVELOPMENT_TEAM = BZ86G6QKHT;
				GENERATE_INFOPLIST_FILE = YES;
				IPHONEOS_DEPLOYMENT_TARGET = 16.4;
				MACOSX_DEPLOYMENT_TARGET = 13.3;
				MARKETING_VERSION = 1.0;
				PRODUCT_BUNDLE_IDENTIFIER = MobileAppDev.APIDataTests;
				PRODUCT_NAME = "$(TARGET_NAME)";
				SDKROOT = auto;
				SUPPORTED_PLATFORMS = "iphoneos iphonesimulator macosx";
				SWIFT_EMIT_LOC_STRINGS = NO;
				SWIFT_VERSION = 5.0;
				TARGETED_DEVICE_FAMILY = "1,2";
				TEST_HOST = "$(BUILT_PRODUCTS_DIR)/APIData.app/$(BUNDLE_EXECUTABLE_FOLDER_PATH)/APIData";
			};
			name = Debug;
		};
		17C43B782ACFBDD40087A934 /* Release */ = {
			isa = XCBuildConfiguration;
			buildSettings = {
				ALWAYS_EMBED_SWIFT_STANDARD_LIBRARIES = YES;
				BUNDLE_LOADER = "$(TEST_HOST)";
				CODE_SIGN_STYLE = Automatic;
				CURRENT_PROJECT_VERSION = 1;
				DEVELOPMENT_TEAM = BZ86G6QKHT;
				GENERATE_INFOPLIST_FILE = YES;
				IPHONEOS_DEPLOYMENT_TARGET = 16.4;
				MACOSX_DEPLOYMENT_TARGET = 13.3;
				MARKETING_VERSION = 1.0;
				PRODUCT_BUNDLE_IDENTIFIER = MobileAppDev.APIDataTests;
				PRODUCT_NAME = "$(TARGET_NAME)";
				SDKROOT = auto;
				SUPPORTED_PLATFORMS = "iphoneos iphonesimulator macosx";
				SWIFT_EMIT_LOC_STRINGS = NO;
				SWIFT_VERSION = 5.0;
				TARGETED_DEVICE_FAMILY = "1,2";
				TEST_HOST = "$(BUILT_PRODUCTS_DIR)/APIData.app/$(BUNDLE_EXECUTABLE_FOLDER_PATH)/APIData";
			};
			name = Release;
		};
		17C43B7A2ACFBDD40087A934 /* Debug */ = {
			isa = XCBuildConfiguration;
			buildSettings = {
				ALWAYS_EMBED_SWIFT_STANDARD_LIBRARIES = YES;
				CODE_SIGN_STYLE = Automatic;
				CURRENT_PROJECT_VERSION = 1;
				DEVELOPMENT_TEAM = BZ86G6QKHT;
				GENERATE_INFOPLIST_FILE = YES;
				IPHONEOS_DEPLOYMENT_TARGET = 16.4;
				MACOSX_DEPLOYMENT_TARGET = 13.3;
				MARKETING_VERSION = 1.0;
				PRODUCT_BUNDLE_IDENTIFIER = MobileAppDev.APIDataUITests;
				PRODUCT_NAME = "$(TARGET_NAME)";
				SDKROOT = auto;
				SUPPORTED_PLATFORMS = "iphoneos iphonesimulator macosx";
				SWIFT_EMIT_LOC_STRINGS = NO;
				SWIFT_VERSION = 5.0;
				TARGETED_DEVICE_FAMILY = "1,2";
				TEST_TARGET_NAME = APIData;
			};
			name = Debug;
		};
		17C43B7B2ACFBDD40087A934 /* Release */ = {
			isa = XCBuildConfiguration;
			buildSettings = {
				ALWAYS_EMBED_SWIFT_STANDARD_LIBRARIES = YES;
				CODE_SIGN_STYLE = Automatic;
				CURRENT_PROJECT_VERSION = 1;
				DEVELOPMENT_TEAM = BZ86G6QKHT;
				GENERATE_INFOPLIST_FILE = YES;
				IPHONEOS_DEPLOYMENT_TARGET = 16.4;
				MACOSX_DEPLOYMENT_TARGET = 13.3;
				MARKETING_VERSION = 1.0;
				PRODUCT_BUNDLE_IDENTIFIER = MobileAppDev.APIDataUITests;
				PRODUCT_NAME = "$(TARGET_NAME)";
				SDKROOT = auto;
				SUPPORTED_PLATFORMS = "iphoneos iphonesimulator macosx";
				SWIFT_EMIT_LOC_STRINGS = NO;
				SWIFT_VERSION = 5.0;
				TARGETED_DEVICE_FAMILY = "1,2";
				TEST_TARGET_NAME = APIData;
			};
			name = Release;
		};
/* End XCBuildConfiguration section */

/* Begin XCConfigurationList section */
		17C43B492ACFBDD20087A934 /* Build configuration list for PBXProject "APIData" */ = {
			isa = XCConfigurationList;
			buildConfigurations = (
				17C43B712ACFBDD40087A934 /* Debug */,
				17C43B722ACFBDD40087A934 /* Release */,
			);
			defaultConfigurationIsVisible = 0;
			defaultConfigurationName = Release;
		};
		17C43B732ACFBDD40087A934 /* Build configuration list for PBXNativeTarget "APIData" */ = {
			isa = XCConfigurationList;
			buildConfigurations = (
				17C43B742ACFBDD40087A934 /* Debug */,
				17C43B752ACFBDD40087A934 /* Release */,
			);
			defaultConfigurationIsVisible = 0;
			defaultConfigurationName = Release;
		};
		17C43B762ACFBDD40087A934 /* Build configuration list for PBXNativeTarget "APIDataTests" */ = {
			isa = XCConfigurationList;
			buildConfigurations = (
				17C43B772ACFBDD40087A934 /* Debug */,
				17C43B782ACFBDD40087A934 /* Release */,
			);
			defaultConfigurationIsVisible = 0;
			defaultConfigurationName = Release;
		};
		17C43B792ACFBDD40087A934 /* Build configuration list for PBXNativeTarget "APIDataUITests" */ = {
			isa = XCConfigurationList;
			buildConfigurations = (
				17C43B7A2ACFBDD40087A934 /* Debug */,
				17C43B7B2ACFBDD40087A934 /* Release */,
			);
			defaultConfigurationIsVisible = 0;
			defaultConfigurationName = Release;
		};
/* End XCConfigurationList section */
	};
	rootObject = 17C43B462ACFBDD20087A934 /* Project object */;
}
